github.com/bep/go-internal v1.10.1-0.20230513160059-6a281ba5ab73 h1:Eux+2qsSRDT2rxkz4UtH+uj9dCDFPZk7EH7kwtk4v3w=
github.com/bep/go-internal v1.10.1-0.20230513160059-6a281ba5ab73/go.mod h1:ddIwULY96R17DhadqLgMfk9H9tvdUzkipdSkR5nkCZA=
github.com/bep/helpers v0.4.0 h1:ab9veaAiWY4ST48Oxp5usaqivDmYdB744fz+tcZ3Ifs=
github.com/bep/helpers v0.4.0/go.mod h1:/QpHdmcPagDw7+RjkLFCvnlUc8lQ5kg4KDrEkb2Yyco=
github.com/frankban/quicktest v1.14.3 h1:FJKSZTDHjyhriyC81FLQ0LY93eSai0ZyR/ZIkd3ZUKE=
github.com/google/go-cmp v0.5.8 h1:e6P7q2lk1O+qJJb4BtCQXlK8vWEO8V1ZeuEdJNOqZyg=
github.com/kr/pretty v0.3.0 h1:WgNl7dwNpEZ6jJ9k1snq4pZsg7DOEN8hP9Xw0Tsjwk0=
github.com/kr/text v0.2.0 h1:5Nx0Ya0ZqY2ygV366QzturHI13Jq95ApcVaJBhpS+AY=
golang.org/x/sys v0.8.0 h1:EBmGv8NaZBZTWvrbjNoL6HVt+IVy3QDQpJs7VRIw3tU=
golang.org/x/sys v0.8.0/go.mod h1:oPkhp1MJrh7nUepCBck5+mAzfO9JrbApNNgaTdGDITg=
golang.org/x/tools v0.9.1 h1:8WMNJAz3zrtPmnYC7ISf5dEn3MT0gY7jBJfw27yrrLo=
golang.org/x/tools v0.9.1/go.mod h1:owI94Op576fPu3cIGQeHs3joujW/2Oc6MtlxbF5dfNc=
